
Microsoft Visual Studio Solution File, Format Version 12.00
# Visual Studio Version 17
VisualStudioVersion = 17.2.32630.192
MinimumVisualStudioVersion = 10.0.40219.1
Project("{FAE04EC0-301F-11D3-BF4B-00C04F79EFBC}") = "BigSixPlotter", "BigSixPlotter\BigSixPlotter.csproj", "{5776CE6C-C1FC-4787-871B-9FD779ACA320}"
EndProject
Global
	GlobalSection(SolutionConfigurationPlatforms) = preSolution
		Debug|Any CPU = Debug|Any CPU
		Release|Any CPU = Release|Any CPU
	EndGlobalSection
	GlobalSection(ProjectConfigurationPlatforms) = postSolution
		{5776CE6C-C1FC-4787-871B-9FD779ACA320}.Debug|Any CPU.ActiveCfg = Debug|Any CPU
		{5776CE6C-C1FC-4787-871B-9FD779ACA320}.Debug|Any CPU.Build.0 = Debug|Any CPU
		{5776CE6C-C1FC-4787-871B-9FD779ACA320}.Release|Any CPU.ActiveCfg = Release|Any CPU
		{5776CE6C-C1FC-4787-871B-9FD779ACA320}.Release|Any CPU.Build.0 = Release|Any CPU
	EndGlobalSection
	GlobalSection(SolutionProperties) = preSolution
		HideSolutionNode = FALSE
	EndGlobalSection
	GlobalSection(ExtensibilityGlobals) = postSolution
		SolutionGuid = {F390E66E-4D51-4C04-B087-CCDE66B73E4F}
	EndGlobalSection
EndGlobal
